
Microsoft Visual Studio Solution File, Format Version 12.00
# Visual Studio 14
VisualStudioVersion = 14.0.25420.1
MinimumVisualStudioVersion = 10.0.40219.1
Project("{FAE04EC0-301F-11D3-BF4B-00C04F79EFBC}") = "IfTextEditor.Editor", "IfTextEditor.Editor\IfTextEditor.Editor.csproj", "{5CCEF663-61DD-4DEB-94FE-7396C2A150E7}"
EndProject
Project("{FAE04EC0-301F-11D3-BF4B-00C04F79EFBC}") = "IfTextEditor.Launcher", "IfTextEditor.Launcher\IfTextEditor.Launcher.csproj", "{14FC9341-6D18-4B02-9191-A4E140AF8469}"
EndProject
Project("{FAE04EC0-301F-11D3-BF4B-00C04F79EFBC}") = "IfTextEditor.Resources", "IfTextEditor.Resources\IfTextEditor.Resources.csproj", "{3E1683CD-0F25-4DC8-A2A7-986022329852}"
EndProject
Global
	GlobalSection(SolutionConfigurationPlatforms) = preSolution
		Debug|Any CPU = Debug|Any CPU
		Release|Any CPU = Release|Any CPU
	EndGlobalSection
	GlobalSection(ProjectConfigurationPlatforms) = postSolution
		{5CCEF663-61DD-4DEB-94FE-7396C2A150E7}.Debug|Any CPU.ActiveCfg = Debug|Any CPU
		{5CCEF663-61DD-4DEB-94FE-7396C2A150E7}.Debug|Any CPU.Build.0 = Debug|Any CPU
		{5CCEF663-61DD-4DEB-94FE-7396C2A150E7}.Release|Any CPU.ActiveCfg = Release|Any CPU
		{5CCEF663-61DD-4DEB-94FE-7396C2A150E7}.Release|Any CPU.Build.0 = Release|Any CPU
		{14FC9341-6D18-4B02-9191-A4E140AF8469}.Debug|Any CPU.ActiveCfg = Debug|Any CPU
		{14FC9341-6D18-4B02-9191-A4E140AF8469}.Debug|Any CPU.Build.0 = Debug|Any CPU
		{14FC9341-6D18-4B02-9191-A4E140AF8469}.Release|Any CPU.ActiveCfg = Release|Any CPU
		{14FC9341-6D18-4B02-9191-A4E140AF8469}.Release|Any CPU.Build.0 = Release|Any CPU
		{3E1683CD-0F25-4DC8-A2A7-986022329852}.Debug|Any CPU.ActiveCfg = Debug|Any CPU
		{3E1683CD-0F25-4DC8-A2A7-986022329852}.Debug|Any CPU.Build.0 = Debug|Any CPU
		{3E1683CD-0F25-4DC8-A2A7-986022329852}.Release|Any CPU.ActiveCfg = Release|Any CPU
		{3E1683CD-0F25-4DC8-A2A7-986022329852}.Release|Any CPU.Build.0 = Release|Any CPU
	EndGlobalSection
	GlobalSection(SolutionProperties) = preSolution
		HideSolutionNode = FALSE
	EndGlobalSection
EndGlobal
